<Solution>
  <Folder Name="/Adapter/">
    <Project Path="DesignPatterns.Adapter/DesignPatterns.Adapter.csproj" Id="dcc1197b-b202-4030-a028-e633fbf93bb3" />
  </Folder>
  <Folder Name="/Builder/">
    <Project Path="DesignPatterns.Builder/DesignPatterns.Builder.csproj" Id="3ad49a61-93d4-47a7-b379-e7b75e7724fe" />
  </Folder>
  <Folder Name="/Decorator/">
    <Project Path="DesignPatterns.Decorator/DesignPatterns.Decorator.csproj" Id="605afac2-4587-49ce-b3b9-6851e7a71f5a" />
  </Folder>
  <Folder Name="/Facade/">
    <Project Path="DesignPatterns.Facade/DesignPatterns.Facade.csproj" Id="170d88a6-0ca9-48ee-a8d4-6776aadbd3e6" />
  </Folder>
  <Folder Name="/Factory/">
    <Project Path="DesignPatterns.Factory/DesignPatterns.Factory.csproj" Id="7682881f-6a6d-4bde-9f23-a66d27b96788" />
  </Folder>
  <Folder Name="/Proxy/">
    <Project Path="DesignPatterns.Proxy/DesignPatterns.Proxy.csproj" Id="442879b6-c935-4294-8389-3ad2ed1af78c" />
  </Folder>
  <Folder Name="/Singleton/">
    <File Path="README.md" />
    <Project Path="DesignPatterns.Singleton/DesignPatterns.Singleton.csproj" />
  </Folder>
</Solution>
